<?xml version="1.0" encoding="utf-8"?>
<Project ToolsVersion="4.0" xmlns="http://schemas.microsoft.com/developer/msbuild/2003">
  <ItemGroup>
    <Filter Include="Source Files">
      <UniqueIdentifier>{4FC737F1-C7A5-4376-A066-2A32D752A2FF}</UniqueIdentifier>
      <Extensions>cpp;c;cc;cxx;c++;cppm;ixx;def;odl;idl;hpj;bat;asm;asmx</Extensions>
    </Filter>
    <Filter Include="Header Files">
      <UniqueIdentifier>{93995380-89BD-4b04-88EB-625FBE52EBFB}</UniqueIdentifier>
      <Extensions>h;hh;hpp;hxx;h++;hm;inl;inc;ipp;xsd</Extensions>
    </Filter>
    <Filter Include="Resource Files">
      <UniqueIdentifier>{67DA6AB6-F800-4c08-8B7A-83BB121AAD01}</UniqueIdentifier>
      <Extensions>rc;ico;cur;bmp;dlg;rc2;rct;bin;rgs;gif;jpg;jpeg;jpe;resx;tiff;tif;png;wav;mfcribbon-ms</Extensions>
    </Filter>
  </ItemGroup>
  <ItemGroup>
    <ClInclude Include="InternProject1.h">
      <Filter>Header Files</Filter>
    </ClInclude>
    <ClInclude Include="InternProject1Dlg.h">
      <Filter>Header Files</Filter>
    </ClInclude>
    <ClInclude Include="framework.h">
      <Filter>Header Files</Filter>
    </ClInclude>
    <ClInclude Include="targetver.h">
      <Filter>Header Files</Filter>
    </ClInclude>
    <ClInclude Include="Resource.h">
      <Filter>Header Files</Filter>
    </ClInclude>
    <ClInclude Include="pch.h">
      <Filter>Header Files</Filter>
    </ClInclude>
    <ClInclude Include="Person.h">
      <Filter>Header Files</Filter>
    </ClInclude>
    <ClInclude Include="Student.h">
      <Filter>Header Files</Filter>
    </ClInclude>
    <ClInclude Include="Subject.h">
      <Filter>Header Files</Filter>
    </ClInclude>
    <ClInclude Include="Teacher.h">
      <Filter>Header Files</Filter>
    </ClInclude>
    <ClInclude Include="Grade.h">
      <Filter>Header Files</Filter>
    </ClInclude>
    <ClInclude Include="Gradebook.h">
      <Filter>Header Files</Filter>
    </ClInclude>
    <ClInclude Include="StudentStore.h">
      <Filter>Header Files</Filter>
    </ClInclude>
    <ClInclude Include="GradeStore.h">
      <Filter>Header Files</Filter>
    </ClInclude>
    <ClInclude Include="SubjectStore.h">
      <Filter>Header Files</Filter>
    </ClInclude>
    <ClInclude Include="ManageStudentsDlg.h">
      <Filter>Header Files</Filter>
    </ClInclude>
    <ClInclude Include="AddStudentDlg.h">
      <Filter>Header Files</Filter>
    </ClInclude>
    <ClInclude Include="EditStudentDlg.h">
      <Filter>Header Files</Filter>
    </ClInclude>
    <ClInclude Include="AllStudentsDlg.h">
      <Filter>Header Files</Filter>
    </ClInclude>
    <ClInclude Include="RemoveStudentDlg.h">
      <Filter>Header Files</Filter>
    </ClInclude>
    <ClInclude Include="ManageSubjectsDlg.h">
      <Filter>Header Files</Filter>
    </ClInclude>
    <ClInclude Include="AllSubjectsDlg.h">
      <Filter>Header Files</Filter>
    </ClInclude>
    <ClInclude Include="AddSubjectDlg.h">
      <Filter>Header Files</Filter>
    </ClInclude>
    <ClInclude Include="TeacherStore.h">
      <Filter>Header Files</Filter>
    </ClInclude>
    <ClInclude Include="EditSubjectDlg.h">
      <Filter>Header Files</Filter>
    </ClInclude>
    <ClInclude Include="RemoveSubjectDlg.h">
      <Filter>Header Files</Filter>
    </ClInclude>
    <ClInclude Include="ManageGradesDlg.h">
      <Filter>Header Files</Filter>
    </ClInclude>
    <ClInclude Include="AddGradeDlg.h">
      <Filter>Header Files</Filter>
    </ClInclude>
    <ClInclude Include="EditGradeDlg.h">
      <Filter>Header Files</Filter>
    </ClInclude>
    <ClInclude Include="Utility.h">
      <Filter>Header Files</Filter>
    </ClInclude>
    <ClInclude Include="CStudent.h">
      <Filter>Header Files</Filter>
    </ClInclude>
    <ClInclude Include="CSubject.h">
      <Filter>Header Files</Filter>
    </ClInclude>
    <ClInclude Include="Storage.h">
      <Filter>Header Files</Filter>
    </ClInclude>
    <ClInclude Include="CTeacher.h">
      <Filter>Header Files</Filter>
    </ClInclude>
    <ClInclude Include="CPerson.h">
      <Filter>Header Files</Filter>
    </ClInclude>
    <ClInclude Include="CGrade.h">
      <Filter>Header Files</Filter>
    </ClInclude>
    <ClInclude Include="CombinedStudentDlg.h">
      <Filter>Header Files</Filter>
    </ClInclude>
    <ClInclude Include="CombinedTeacherDlg.h">
      <Filter>Header Files</Filter>
    </ClInclude>
    <ClInclude Include="CombinedGradeDlg.h">
      <Filter>Header Files</Filter>
    </ClInclude>
    <ClInclude Include="ViewAllGradesDlg.h">
      <Filter>Header Files</Filter>
    </ClInclude>
    <ClInclude Include="CombinedSubjectDlg.h">
      <Filter>Header Files</Filter>
    </ClInclude>
    <ClInclude Include="StudentAverageDlg.h">
      <Filter>Header Files</Filter>
    </ClInclude>
    <ClInclude Include="ExcellentStudentsDlg.h">
      <Filter>Header Files</Filter>
    </ClInclude>
    <ClInclude Include="FailsDlg.h">
      <Filter>Header Files</Filter>
    </ClInclude>
    <ClInclude Include="BirthdayersDlg.h">
      <Filter>Header Files</Filter>
    </ClInclude>
  </ItemGroup>
  <ItemGroup>
    <ClCompile Include="InternProject1.cpp">
      <Filter>Source Files</Filter>
    </ClCompile>
    <ClCompile Include="InternProject1Dlg.cpp">
      <Filter>Source Files</Filter>
    </ClCompile>
    <ClCompile Include="pch.cpp">
      <Filter>Source Files</Filter>
    </ClCompile>
    <ClCompile Include="Person.cpp">
      <Filter>Source Files</Filter>
    </ClCompile>
    <ClCompile Include="Student.cpp">
      <Filter>Source Files</Filter>
    </ClCompile>
    <ClCompile Include="Subject.cpp">
      <Filter>Source Files</Filter>
    </ClCompile>
    <ClCompile Include="Teacher.cpp">
      <Filter>Source Files</Filter>
    </ClCompile>
    <ClCompile Include="Grade.cpp">
      <Filter>Source Files</Filter>
    </ClCompile>
    <ClCompile Include="Gradebook.cpp">
      <Filter>Source Files</Filter>
    </ClCompile>
    <ClCompile Include="StudentStore.cpp">
      <Filter>Source Files</Filter>
    </ClCompile>
    <ClCompile Include="GradeStore.cpp">
      <Filter>Source Files</Filter>
    </ClCompile>
    <ClCompile Include="SubjectStore.cpp">
      <Filter>Source Files</Filter>
    </ClCompile>
    <ClCompile Include="ManageStudentsDlg.cpp">
      <Filter>Source Files</Filter>
    </ClCompile>
    <ClCompile Include="AddStudentDlg.cpp">
      <Filter>Source Files</Filter>
    </ClCompile>
    <ClCompile Include="EditStudentDlg.cpp">
      <Filter>Source Files</Filter>
    </ClCompile>
    <ClCompile Include="AllStudentsDlg.cpp">
      <Filter>Source Files</Filter>
    </ClCompile>
    <ClCompile Include="RemoveStudentDlg.cpp">
      <Filter>Source Files</Filter>
    </ClCompile>
    <ClCompile Include="ManageSubjectsDlg.cpp">
      <Filter>Source Files</Filter>
    </ClCompile>
    <ClCompile Include="AllSubjectsDlg.cpp">
      <Filter>Source Files</Filter>
    </ClCompile>
    <ClCompile Include="AddSubjectDlg.cpp">
      <Filter>Source Files</Filter>
    </ClCompile>
    <ClCompile Include="TeacherStore.cpp">
      <Filter>Source Files</Filter>
    </ClCompile>
    <ClCompile Include="EditSubjectDlg.cpp">
      <Filter>Source Files</Filter>
    </ClCompile>
    <ClCompile Include="RemoveSubjectDlg.cpp">
      <Filter>Source Files</Filter>
    </ClCompile>
    <ClCompile Include="ManageGradesDlg.cpp">
      <Filter>Source Files</Filter>
    </ClCompile>
    <ClCompile Include="AddGradeDlg.cpp">
      <Filter>Source Files</Filter>
    </ClCompile>
    <ClCompile Include="EditGradeDlg.cpp">
      <Filter>Source Files</Filter>
    </ClCompile>
    <ClCompile Include="Utility.cpp">
      <Filter>Source Files</Filter>
    </ClCompile>
    <ClCompile Include="CStudent.cpp">
      <Filter>Source Files</Filter>
    </ClCompile>
    <ClCompile Include="CSubject.cpp">
      <Filter>Source Files</Filter>
    </ClCompile>
    <ClCompile Include="Storage.cpp">
      <Filter>Source Files</Filter>
    </ClCompile>
    <ClCompile Include="CTeacher.cpp">
      <Filter>Source Files</Filter>
    </ClCompile>
    <ClCompile Include="CPerson.cpp">
      <Filter>Source Files</Filter>
    </ClCompile>
    <ClCompile Include="CGrade.cpp">
      <Filter>Source Files</Filter>
    </ClCompile>
    <ClCompile Include="CombinedStudentDlg.cpp">
      <Filter>Source Files</Filter>
    </ClCompile>
    <ClCompile Include="CombinedTeacherDlg.cpp">
      <Filter>Source Files</Filter>
    </ClCompile>
    <ClCompile Include="CombinedGradeDlg.cpp">
      <Filter>Source Files</Filter>
    </ClCompile>
    <ClCompile Include="ViewAllGradesDlg.cpp">
      <Filter>Source Files</Filter>
    </ClCompile>
    <ClCompile Include="CombinedSubjectDlg.cpp">
      <Filter>Source Files</Filter>
    </ClCompile>
    <ClCompile Include="StudentAverageDlg.cpp">
      <Filter>Source Files</Filter>
    </ClCompile>
    <ClCompile Include="ExcellentStudentsDlg.cpp">
      <Filter>Source Files</Filter>
    </ClCompile>
    <ClCompile Include="FailsDlg.cpp">
      <Filter>Source Files</Filter>
    </ClCompile>
    <ClCompile Include="BirthdayersDlg.cpp">
      <Filter>Source Files</Filter>
    </ClCompile>
  </ItemGroup>
  <ItemGroup>
    <ResourceCompile Include="InternProject1.rc">
      <Filter>Resource Files</Filter>
    </ResourceCompile>
  </ItemGroup>
  <ItemGroup>
    <None Include="res\InternProject1.rc2">
      <Filter>Resource Files</Filter>
    </None>
    <None Include="Storage.c++">
      <Filter>Source Files</Filter>
    </None>
  </ItemGroup>
  <ItemGroup>
    <Image Include="res\InternProject1.ico">
      <Filter>Resource Files</Filter>
    </Image>
  </ItemGroup>
</Project>